
Microsoft Visual Studio Solution File, Format Version 12.00
# Visual Studio Version 17
VisualStudioVersion = 17.3.32929.385
MinimumVisualStudioVersion = 10.0.40219.1
Project("{FAE04EC0-301F-11D3-BF4B-00C04F79EFBC}") = "MessageClient", "MessageClient\MessageClient.csproj", "{AA3DF663-B446-47A4-9D0D-60ADEC3B47BD}"
EndProject
Global
	GlobalSection(SolutionConfigurationPlatforms) = preSolution
		Debug|Any CPU = Debug|Any CPU
		Release|Any CPU = Release|Any CPU
	EndGlobalSection
	GlobalSection(ProjectConfigurationPlatforms) = postSolution
		{AA3DF663-B446-47A4-9D0D-60ADEC3B47BD}.Debug|Any CPU.ActiveCfg = Debug|Any CPU
		{AA3DF663-B446-47A4-9D0D-60ADEC3B47BD}.Debug|Any CPU.Build.0 = Debug|Any CPU
		{AA3DF663-B446-47A4-9D0D-60ADEC3B47BD}.Release|Any CPU.ActiveCfg = Release|Any CPU
		{AA3DF663-B446-47A4-9D0D-60ADEC3B47BD}.Release|Any CPU.Build.0 = Release|Any CPU
	EndGlobalSection
	GlobalSection(SolutionProperties) = preSolution
		HideSolutionNode = FALSE
	EndGlobalSection
	GlobalSection(ExtensibilityGlobals) = postSolution
		SolutionGuid = {E31C347A-C3AD-4EDF-A257-23F25CC86045}
	EndGlobalSection
EndGlobal
